
Microsoft Visual Studio Solution File, Format Version 12.00
# Visual Studio 15
VisualStudioVersion = 15.0.28307.329
MinimumVisualStudioVersion = 10.0.40219.1
Project("{FAE04EC0-301F-11D3-BF4B-00C04F79EFBC}") = "HangulJasoFixer2", "HangulJasoFixer2\HangulJasoFixer2.csproj", "{35D8F9A2-BE8B-4EE3-9E87-0B9C4D568AA9}"
EndProject
Global
	GlobalSection(SolutionConfigurationPlatforms) = preSolution
		Debug|Any CPU = Debug|Any CPU
		Release|Any CPU = Release|Any CPU
	EndGlobalSection
	GlobalSection(ProjectConfigurationPlatforms) = postSolution
		{35D8F9A2-BE8B-4EE3-9E87-0B9C4D568AA9}.Debug|Any CPU.ActiveCfg = Debug|Any CPU
		{35D8F9A2-BE8B-4EE3-9E87-0B9C4D568AA9}.Debug|Any CPU.Build.0 = Debug|Any CPU
		{35D8F9A2-BE8B-4EE3-9E87-0B9C4D568AA9}.Release|Any CPU.ActiveCfg = Release|Any CPU
		{35D8F9A2-BE8B-4EE3-9E87-0B9C4D568AA9}.Release|Any CPU.Build.0 = Release|Any CPU
	EndGlobalSection
	GlobalSection(SolutionProperties) = preSolution
		HideSolutionNode = FALSE
	EndGlobalSection
	GlobalSection(ExtensibilityGlobals) = postSolution
		SolutionGuid = {B492FAD8-AB2D-4A76-B227-0740745A9903}
	EndGlobalSection
EndGlobal
